
Microsoft Visual Studio Solution File, Format Version 12.00
# Visual Studio Version 17
VisualStudioVersion = 17.4.33205.214
MinimumVisualStudioVersion = 10.0.40219.1
Project("{FAE04EC0-301F-11D3-BF4B-00C04F79EFBC}") = "2. Корвет", "2. Корвет\2. Корвет.csproj", "{172357B8-56D8-40FD-BD25-5FD3114829C3}"
EndProject
Global
	GlobalSection(SolutionConfigurationPlatforms) = preSolution
		Debug|Any CPU = Debug|Any CPU
		Release|Any CPU = Release|Any CPU
	EndGlobalSection
	GlobalSection(ProjectConfigurationPlatforms) = postSolution
		{172357B8-56D8-40FD-BD25-5FD3114829C3}.Debug|Any CPU.ActiveCfg = Debug|Any CPU
		{172357B8-56D8-40FD-BD25-5FD3114829C3}.Debug|Any CPU.Build.0 = Debug|Any CPU
		{172357B8-56D8-40FD-BD25-5FD3114829C3}.Release|Any CPU.ActiveCfg = Release|Any CPU
		{172357B8-56D8-40FD-BD25-5FD3114829C3}.Release|Any CPU.Build.0 = Release|Any CPU
	EndGlobalSection
	GlobalSection(SolutionProperties) = preSolution
		HideSolutionNode = FALSE
	EndGlobalSection
	GlobalSection(ExtensibilityGlobals) = postSolution
		SolutionGuid = {8154B638-7533-46E3-85AE-C1A99C5DCAC4}
	EndGlobalSection
EndGlobal
